
Microsoft Visual Studio Solution File, Format Version 12.00
# Visual Studio Version 16
VisualStudioVersion = 16.0.34114.132
MinimumVisualStudioVersion = 10.0.40219.1
Project("{FAE04EC0-301F-11D3-BF4B-00C04F79EFBC}") = "SalesWebMvc", "SalesWebMvc\SalesWebMvc.csproj", "{ABE936C5-44ED-481D-96B7-D7E6319841C3}"
EndProject
Global
	GlobalSection(SolutionConfigurationPlatforms) = preSolution
		Debug|Any CPU = Debug|Any CPU
		Release|Any CPU = Release|Any CPU
	EndGlobalSection
	GlobalSection(ProjectConfigurationPlatforms) = postSolution
		{ABE936C5-44ED-481D-96B7-D7E6319841C3}.Debug|Any CPU.ActiveCfg = Debug|Any CPU
		{ABE936C5-44ED-481D-96B7-D7E6319841C3}.Debug|Any CPU.Build.0 = Debug|Any CPU
		{ABE936C5-44ED-481D-96B7-D7E6319841C3}.Release|Any CPU.ActiveCfg = Release|Any CPU
		{ABE936C5-44ED-481D-96B7-D7E6319841C3}.Release|Any CPU.Build.0 = Release|Any CPU
	EndGlobalSection
	GlobalSection(SolutionProperties) = preSolution
		HideSolutionNode = FALSE
	EndGlobalSection
	GlobalSection(ExtensibilityGlobals) = postSolution
		SolutionGuid = {4FBBCDB7-88F1-4921-A5B4-D577C8A861D5}
	EndGlobalSection
EndGlobal
